
Microsoft Visual Studio Solution File, Format Version 12.00
# Visual Studio Version 17
VisualStudioVersion = 17.0.31919.166
MinimumVisualStudioVersion = 10.0.40219.1
Project("{FAE04EC0-301F-11D3-BF4B-00C04F79EFBC}") = "UC9_ alugel", "UC9_ alugel\UC9_ alugel.csproj", "{6377C0B4-5AEB-462E-8B5F-ACADB8B28646}"
EndProject
Global
	GlobalSection(SolutionConfigurationPlatforms) = preSolution
		Debug|Any CPU = Debug|Any CPU
		Release|Any CPU = Release|Any CPU
	EndGlobalSection
	GlobalSection(ProjectConfigurationPlatforms) = postSolution
		{6377C0B4-5AEB-462E-8B5F-ACADB8B28646}.Debug|Any CPU.ActiveCfg = Debug|Any CPU
		{6377C0B4-5AEB-462E-8B5F-ACADB8B28646}.Debug|Any CPU.Build.0 = Debug|Any CPU
		{6377C0B4-5AEB-462E-8B5F-ACADB8B28646}.Release|Any CPU.ActiveCfg = Release|Any CPU
		{6377C0B4-5AEB-462E-8B5F-ACADB8B28646}.Release|Any CPU.Build.0 = Release|Any CPU
	EndGlobalSection
	GlobalSection(SolutionProperties) = preSolution
		HideSolutionNode = FALSE
	EndGlobalSection
	GlobalSection(ExtensibilityGlobals) = postSolution
		SolutionGuid = {79FD08CC-9179-4826-8CC8-368289BB344B}
	EndGlobalSection
EndGlobal
